
Microsoft Visual Studio Solution File, Format Version 12.00
# Visual Studio Version 17
VisualStudioVersion = 17.11.35312.102
MinimumVisualStudioVersion = 10.0.40219.1
Project("{FAE04EC0-301F-11D3-BF4B-00C04F79EFBC}") = "SQLDENEME", "SQLDENEME\SQLDENEME.csproj", "{8F424D99-DE11-422B-A314-AC9F5DE9EE10}"
EndProject
Global
	GlobalSection(SolutionConfigurationPlatforms) = preSolution
		Debug|Any CPU = Debug|Any CPU
		Release|Any CPU = Release|Any CPU
	EndGlobalSection
	GlobalSection(ProjectConfigurationPlatforms) = postSolution
		{8F424D99-DE11-422B-A314-AC9F5DE9EE10}.Debug|Any CPU.ActiveCfg = Debug|Any CPU
		{8F424D99-DE11-422B-A314-AC9F5DE9EE10}.Debug|Any CPU.Build.0 = Debug|Any CPU
		{8F424D99-DE11-422B-A314-AC9F5DE9EE10}.Release|Any CPU.ActiveCfg = Release|Any CPU
		{8F424D99-DE11-422B-A314-AC9F5DE9EE10}.Release|Any CPU.Build.0 = Release|Any CPU
	EndGlobalSection
	GlobalSection(SolutionProperties) = preSolution
		HideSolutionNode = FALSE
	EndGlobalSection
	GlobalSection(ExtensibilityGlobals) = postSolution
		SolutionGuid = {CD446F7B-D8C7-441E-9DCF-C636D6FA8A6E}
	EndGlobalSection
EndGlobal
